// !$*UTF8*$!
{
	archiveVersion = 1;
	classes = {
	};
	objectVersion = 55;
	objects = {

/* Begin PBXBuildFile section */
		5AB6A8272726B899009B6A7A /* AppDelegate.swift in Sources */ = {isa = PBXBuildFile; fileRef = 5AB6A8262726B899009B6A7A /* AppDelegate.swift */; };
		5AB6A8292726B899009B6A7A /* SceneDelegate.swift in Sources */ = {isa = PBXBuildFile; fileRef = 5AB6A8282726B899009B6A7A /* SceneDelegate.swift */; };
		5AB6A82B2726B899009B6A7A /* ViewController.swift in Sources */ = {isa = PBXBuildFile; fileRef = 5AB6A82A2726B899009B6A7A /* ViewController.swift */; };
		5AB6A8302726B89C009B6A7A /* Assets.xcassets in Resources */ = {isa = PBXBuildFile; fileRef = 5AB6A82F2726B89C009B6A7A /* Assets.xcassets */; };
		5AB6A8332726B89C009B6A7A /* LaunchScreen.storyboard in Resources */ = {isa = PBXBuildFile; fileRef = 5AB6A8312726B89C009B6A7A /* LaunchScreen.storyboard */; };
		5AB6A83D2726B9DE009B6A7A /* Model.swift in Sources */ = {isa = PBXBuildFile; fileRef = 5AB6A83C2726B9DE009B6A7A /* Model.swift */; };
		5AB6A83F2726BB85009B6A7A /* Service.swift in Sources */ = {isa = PBXBuildFile; fileRef = 5AB6A83E2726BB85009B6A7A /* Service.swift */; };
		5AB6A8422726BE52009B6A7A /* ViewModel.swift in Sources */ = {isa = PBXBuildFile; fileRef = 5AB6A8412726BE52009B6A7A /* ViewModel.swift */; };
		5AB6A8462726D89B009B6A7A /* StretchyView.swift in Sources */ = {isa = PBXBuildFile; fileRef = 5AB6A8452726D89B009B6A7A /* StretchyView.swift */; };
		5AB6A8482726F869009B6A7A /* MovieTitleCell.swift in Sources */ = {isa = PBXBuildFile; fileRef = 5AB6A8472726F869009B6A7A /* MovieTitleCell.swift */; };
		5AB6A84A27270C13009B6A7A /* SimilarMovies.swift in Sources */ = {isa = PBXBuildFile; fileRef = 5AB6A84927270C13009B6A7A /* SimilarMovies.swift */; };
		5AB6A84C27271548009B6A7A /* SimilarMovieCell.swift in Sources */ = {isa = PBXBuildFile; fileRef = 5AB6A84B27271548009B6A7A /* SimilarMovieCell.swift */; };
/* End PBXBuildFile section */

/* Begin PBXFileReference section */
		5AB6A8232726B899009B6A7A /* Simple Movie App.app */ = {isa = PBXFileReference; explicitFileType = wrapper.application; includeInIndex = 0; path = "Simple Movie App.app"; sourceTree = BUILT_PRODUCTS_DIR; };
		5AB6A8262726B899009B6A7A /* AppDelegate.swift */ = {isa = PBXFileReference; lastKnownFileType = sourcecode.swift; path = AppDelegate.swift; sourceTree = "<group>"; };
		5AB6A8282726B899009B6A7A /* SceneDelegate.swift */ = {isa = PBXFileReference; lastKnownFileType = sourcecode.swift; path = SceneDelegate.swift; sourceTree = "<group>"; };
		5AB6A82A2726B899009B6A7A /* ViewController.swift */ = {isa = PBXFileReference; lastKnownFileType = sourcecode.swift; path = ViewController.swift; sourceTree = "<group>"; };
		5AB6A82F2726B89C009B6A7A /* Assets.xcassets */ = {isa = PBXFileReference; lastKnownFileType = folder.assetcatalog; path = Assets.xcassets; sourceTree = "<group>"; };
		5AB6A8322726B89C009B6A7A /* Base */ = {isa = PBXFileReference; lastKnownFileType = file.storyboard; name = Base; path = Base.lproj/LaunchScreen.storyboard; sourceTree = "<group>"; };
		5AB6A8342726B89C009B6A7A /* Info.plist */ = {isa = PBXFileReference; lastKnownFileType = text.plist.xml; path = Info.plist; sourceTree = "<group>"; };
		5AB6A83C2726B9DE009B6A7A /* Model.swift */ = {isa = PBXFileReference; lastKnownFileType = sourcecode.swift; path = Model.swift; sourceTree = "<group>"; };
		5AB6A83E2726BB85009B6A7A /* Service.swift */ = {isa = PBXFileReference; lastKnownFileType = sourcecode.swift; path = Service.swift; sourceTree = "<group>"; };
		5AB6A8412726BE52009B6A7A /* ViewModel.swift */ = {isa = PBXFileReference; lastKnownFileType = sourcecode.swift; path = ViewModel.swift; sourceTree = "<group>"; };
		5AB6A8452726D89B009B6A7A /* StretchyView.swift */ = {isa = PBXFileReference; lastKnownFileType = sourcecode.swift; path = StretchyView.swift; sourceTree = "<group>"; };
		5AB6A8472726F869009B6A7A /* MovieTitleCell.swift */ = {isa = PBXFileReference; lastKnownFileType = sourcecode.swift; path = MovieTitleCell.swift; sourceTree = "<group>"; };
		5AB6A84927270C13009B6A7A /* SimilarMovies.swift */ = {isa = PBXFileReference; lastKnownFileType = sourcecode.swift; path = SimilarMovies.swift; sourceTree = "<group>"; };
		5AB6A84B27271548009B6A7A /* SimilarMovieCell.swift */ = {isa = PBXFileReference; lastKnownFileType = sourcecode.swift; path = SimilarMovieCell.swift; sourceTree = "<group>"; };
/* End PBXFileReference section */

/* Begin PBXFrameworksBuildPhase section */
		5AB6A8202726B899009B6A7A /* Frameworks */ = {
			isa = PBXFrameworksBuildPhase;
			buildActionMask = 2147483647;
			files = (
			);
			runOnlyForDeploymentPostprocessing = 0;
		};
/* End PBXFrameworksBuildPhase section */

/* Begin PBXGroup section */
		5AB6A81A2726B899009B6A7A = {
			isa = PBXGroup;
			children = (
				5AB6A8252726B899009B6A7A /* Simple Movie App */,
				5AB6A8242726B899009B6A7A /* Products */,
			);
			sourceTree = "<group>";
		};
		5AB6A8242726B899009B6A7A /* Products */ = {
			isa = PBXGroup;
			children = (
				5AB6A8232726B899009B6A7A /* Simple Movie App.app */,
			);
			name = Products;
			sourceTree = "<group>";
		};
		5AB6A8252726B899009B6A7A /* Simple Movie App */ = {
			isa = PBXGroup;
			children = (
				5AB6A8432726D817009B6A7A /* View */,
				5AB6A8402726BE3E009B6A7A /* ViewModel */,
				5AB6A83B2726B9CF009B6A7A /* Model */,
				5AB6A83A2726B8C0009B6A7A /* Service */,
				5AB6A8262726B899009B6A7A /* AppDelegate.swift */,
				5AB6A8282726B899009B6A7A /* SceneDelegate.swift */,
				5AB6A82F2726B89C009B6A7A /* Assets.xcassets */,
				5AB6A8312726B89C009B6A7A /* LaunchScreen.storyboard */,
				5AB6A8342726B89C009B6A7A /* Info.plist */,
			);
			path = "Simple Movie App";
			sourceTree = "<group>";
		};
		5AB6A83A2726B8C0009B6A7A /* Service */ = {
			isa = PBXGroup;
			children = (
				5AB6A83E2726BB85009B6A7A /* Service.swift */,
			);
			path = Service;
			sourceTree = "<group>";
		};
		5AB6A83B2726B9CF009B6A7A /* Model */ = {
			isa = PBXGroup;
			children = (
				5AB6A83C2726B9DE009B6A7A /* Model.swift */,
				5AB6A84927270C13009B6A7A /* SimilarMovies.swift */,
			);
			path = Model;
			sourceTree = "<group>";
		};
		5AB6A8402726BE3E009B6A7A /* ViewModel */ = {
			isa = PBXGroup;
			children = (
				5AB6A8412726BE52009B6A7A /* ViewModel.swift */,
			);
			path = ViewModel;
			sourceTree = "<group>";
		};
		5AB6A8432726D817009B6A7A /* View */ = {
			isa = PBXGroup;
			children = (
				5AB6A82A2726B899009B6A7A /* ViewController.swift */,
				5AB6A8442726D846009B6A7A /* Custom Views */,
			);
			path = View;
			sourceTree = "<group>";
		};
		5AB6A8442726D846009B6A7A /* Custom Views */ = {
			isa = PBXGroup;
			children = (
				5AB6A8452726D89B009B6A7A /* StretchyView.swift */,
				5AB6A8472726F869009B6A7A /* MovieTitleCell.swift */,
				5AB6A84B27271548009B6A7A /* SimilarMovieCell.swift */,
			);
			path = "Custom Views";
			sourceTree = "<group>";
		};
/* End PBXGroup section */

/* Begin PBXNativeTarget section */
		5AB6A8222726B899009B6A7A /* Simple Movie App */ = {
			isa = PBXNativeTarget;
			buildConfigurationList = 5AB6A8372726B89C009B6A7A /* Build configuration list for PBXNativeTarget "Simple Movie App" */;
			buildPhases = (
				5AB6A81F2726B899009B6A7A /* Sources */,
				5AB6A8202726B899009B6A7A /* Frameworks */,
				5AB6A8212726B899009B6A7A /* Resources */,
			);
			buildRules = (
			);
			dependencies = (
			);
			name = "Simple Movie App";
			productName = "Simple Movie App";
			productReference = 5AB6A8232726B899009B6A7A /* Simple Movie App.app */;
			productType = "com.apple.product-type.application";
		};
/* End PBXNativeTarget section */

/* Begin PBXProject section */
		5AB6A81B2726B899009B6A7A /* Project object */ = {
			isa = PBXProject;
			attributes = {
				BuildIndependentTargetsInParallel = 1;
				LastSwiftUpdateCheck = 1300;
				LastUpgradeCheck = 1300;
				TargetAttributes = {
					5AB6A8222726B899009B6A7A = {
						CreatedOnToolsVersion = 13.0;
					};
				};
			};
			buildConfigurationList = 5AB6A81E2726B899009B6A7A /* Build configuration list for PBXProject "Simple Movie App" */;
			compatibilityVersion = "Xcode 13.0";
			developmentRegion = en;
			hasScannedForEncodings = 0;
			knownRegions = (
				en,
				Base,
			);
			mainGroup = 5AB6A81A2726B899009B6A7A;
			productRefGroup = 5AB6A8242726B899009B6A7A /* Products */;
			projectDirPath = "";
			projectRoot = "";
			targets = (
				5AB6A8222726B899009B6A7A /* Simple Movie App */,
			);
		};
/* End PBXProject section */

/* Begin PBXResourcesBuildPhase section */
		5AB6A8212726B899009B6A7A /* Resources */ = {
			isa = PBXResourcesBuildPhase;
			buildActionMask = 2147483647;
			files = (
				5AB6A8332726B89C009B6A7A /* LaunchScreen.storyboard in Resources */,
				5AB6A8302726B89C009B6A7A /* Assets.xcassets in Resources */,
			);
			runOnlyForDeploymentPostprocessing = 0;
		};
/* End PBXResourcesBuildPhase section */

/* Begin PBXSourcesBuildPhase section */
		5AB6A81F2726B899009B6A7A /* Sources */ = {
			isa = PBXSourcesBuildPhase;
			buildActionMask = 2147483647;
			files = (
				5AB6A82B2726B899009B6A7A /* ViewController.swift in Sources */,
				5AB6A8482726F869009B6A7A /* MovieTitleCell.swift in Sources */,
				5AB6A84C27271548009B6A7A /* SimilarMovieCell.swift in Sources */,
				5AB6A8272726B899009B6A7A /* AppDelegate.swift in Sources */,
				5AB6A84A27270C13009B6A7A /* SimilarMovies.swift in Sources */,
				5AB6A83F2726BB85009B6A7A /* Service.swift in Sources */,
				5AB6A8292726B899009B6A7A /* SceneDelegate.swift in Sources */,
				5AB6A8462726D89B009B6A7A /* StretchyView.swift in Sources */,
				5AB6A8422726BE52009B6A7A /* ViewModel.swift in Sources */,
				5AB6A83D2726B9DE009B6A7A /* Model.swift in Sources */,
			);
			runOnlyForDeploymentPostprocessing = 0;
		};
/* End PBXSourcesBuildPhase section */

/* Begin PBXVariantGroup section */
		5AB6A8312726B89C009B6A7A /* LaunchScreen.storyboard */ = {
			isa = PBXVariantGroup;
			children = (
				5AB6A8322726B89C009B6A7A /* Base */,
			);
			name = LaunchScreen.storyboard;
			sourceTree = "<group>";
		};
/* End PBXVariantGroup section */

/* Begin XCBuildConfiguration section */
		5AB6A8352726B89C009B6A7A /* Debug */ = {
			isa = XCBuildConfiguration;
			buildSettings = {
				ALWAYS_SEARCH_USER_PATHS = NO;
				CLANG_ANALYZER_NONNULL = YES;
				CLANG_ANALYZER_NUMBER_OBJECT_CONVERSION = YES_AGGRESSIVE;
				CLANG_CXX_LANGUAGE_STANDARD = "gnu++17";
				CLANG_CXX_LIBRARY = "libc++";
				CLANG_ENABLE_MODULES = YES;
				CLANG_ENABLE_OBJC_ARC = YES;
				CLANG_ENABLE_OBJC_WEAK = YES;
				CLANG_WARN_BLOCK_CAPTURE_AUTORELEASING = YES;
				CLANG_WARN_BOOL_CONVERSION = YES;
				CLANG_WARN_COMMA = YES;
				CLANG_WARN_CONSTANT_CONVERSION = YES;
				CLANG_WARN_DEPRECATED_OBJC_IMPLEMENTATIONS = YES;
				CLANG_WARN_DIRECT_OBJC_ISA_USAGE = YES_ERROR;
				CLANG_WARN_DOCUMENTATION_COMMENTS = YES;
				CLANG_WARN_EMPTY_BODY = YES;
				CLANG_WARN_ENUM_CONVERSION = YES;
				CLANG_WARN_INFINITE_RECURSION = YES;
				CLANG_WARN_INT_CONVERSION = YES;
				CLANG_WARN_NON_LITERAL_NULL_CONVERSION = YES;
				CLANG_WARN_OBJC_IMPLICIT_RETAIN_SELF = YES;
				CLANG_WARN_OBJC_LITERAL_CONVERSION = YES;
				CLANG_WARN_OBJC_ROOT_CLASS = YES_ERROR;
				CLANG_WARN_QUOTED_INCLUDE_IN_FRAMEWORK_HEADER = YES;
				CLANG_WARN_RANGE_LOOP_ANALYSIS = YES;
				CLANG_WARN_STRICT_PROTOTYPES = YES;
				CLANG_WARN_SUSPICIOUS_MOVE = YES;
				CLANG_WARN_UNGUARDED_AVAILABILITY = YES_AGGRESSIVE;
				CLANG_WARN_UNREACHABLE_CODE = YES;
				CLANG_WARN__DUPLICATE_METHOD_MATCH = YES;
				COPY_PHASE_STRIP = NO;
				DEBUG_INFORMATION_FORMAT = dwarf;
				ENABLE_STRICT_OBJC_MSGSEND = YES;
				ENABLE_TESTABILITY = YES;
				GCC_C_LANGUAGE_STANDARD = gnu11;
				GCC_DYNAMIC_NO_PIC = NO;
				GCC_NO_COMMON_BLOCKS = YES;
				GCC_OPTIMIZATION_LEVEL = 0;
				GCC_PREPROCESSOR_DEFINITIONS = (
					"DEBUG=1",
					"$(inherited)",
				);
				GCC_WARN_64_TO_32_BIT_CONVERSION = YES;
				GCC_WARN_ABOUT_RETURN_TYPE = YES_ERROR;
				GCC_WARN_UNDECLARED_SELECTOR = YES;
				GCC_WARN_UNINITIALIZED_AUTOS = YES_AGGRESSIVE;
				GCC_WARN_UNUSED_FUNCTION = YES;
				GCC_WARN_UNUSED_VARIABLE = YES;
				IPHONEOS_DEPLOYMENT_TARGET = 15.0;
				MTL_ENABLE_DEBUG_INFO = INCLUDE_SOURCE;
				MTL_FAST_MATH = YES;
				ONLY_ACTIVE_ARCH = YES;
				SDKROOT = iphoneos;
				SWIFT_ACTIVE_COMPILATION_CONDITIONS = DEBUG;
				SWIFT_OPTIMIZATION_LEVEL = "-Onone";
			};
			name = Debug;
		};
		5AB6A8362726B89C009B6A7A /* Release */ = {
			isa = XCBuildConfiguration;
			buildSettings = {
				ALWAYS_SEARCH_USER_PATHS = NO;
				CLANG_ANALYZER_NONNULL = YES;
				CLANG_ANALYZER_NUMBER_OBJECT_CONVERSION = YES_AGGRESSIVE;
				CLANG_CXX_LANGUAGE_STANDARD = "gnu++17";
				CLANG_CXX_LIBRARY = "libc++";
				CLANG_ENABLE_MODULES = YES;
				CLANG_ENABLE_OBJC_ARC = YES;
				CLANG_ENABLE_OBJC_WEAK = YES;
				CLANG_WARN_BLOCK_CAPTURE_AUTORELEASING = YES;
				CLANG_WARN_BOOL_CONVERSION = YES;
				CLANG_WARN_COMMA = YES;
				CLANG_WARN_CONSTANT_CONVERSION = YES;
				CLANG_WARN_DEPRECATED_OBJC_IMPLEMENTATIONS = YES;
				CLANG_WARN_DIRECT_OBJC_ISA_USAGE = YES_ERROR;
				CLANG_WARN_DOCUMENTATION_COMMENTS = YES;
				CLANG_WARN_EMPTY_BODY = YES;
				CLANG_WARN_ENUM_CONVERSION = YES;
				CLANG_WARN_INFINITE_RECURSION = YES;
				CLANG_WARN_INT_CONVERSION = YES;
				CLANG_WARN_NON_LITERAL_NULL_CONVERSION = YES;
				CLANG_WARN_OBJC_IMPLICIT_RETAIN_SELF = YES;
				CLANG_WARN_OBJC_LITERAL_CONVERSION = YES;
				CLANG_WARN_OBJC_ROOT_CLASS = YES_ERROR;
				CLANG_WARN_QUOTED_INCLUDE_IN_FRAMEWORK_HEADER = YES;
				CLANG_WARN_RANGE_LOOP_ANALYSIS = YES;
				CLANG_WARN_STRICT_PROTOTYPES = YES;
				CLANG_WARN_SUSPICIOUS_MOVE = YES;
				CLANG_WARN_UNGUARDED_AVAILABILITY = YES_AGGRESSIVE;
				CLANG_WARN_UNREACHABLE_CODE = YES;
				CLANG_WARN__DUPLICATE_METHOD_MATCH = YES;
				COPY_PHASE_STRIP = NO;
				DEBUG_INFORMATION_FORMAT = "dwarf-with-dsym";
				ENABLE_NS_ASSERTIONS = NO;
				ENABLE_STRICT_OBJC_MSGSEND = YES;
				GCC_C_LANGUAGE_STANDARD = gnu11;
				GCC_NO_COMMON_BLOCKS = YES;
				GCC_WARN_64_TO_32_BIT_CONVERSION = YES;
				GCC_WARN_ABOUT_RETURN_TYPE = YES_ERROR;
				GCC_WARN_UNDECLARED_SELECTOR = YES;
				GCC_WARN_UNINITIALIZED_AUTOS = YES_AGGRESSIVE;
				GCC_WARN_UNUSED_FUNCTION = YES;
				GCC_WARN_UNUSED_VARIABLE = YES;
				IPHONEOS_DEPLOYMENT_TARGET = 15.0;
				MTL_ENABLE_DEBUG_INFO = NO;
				MTL_FAST_MATH = YES;
				SDKROOT = iphoneos;
				SWIFT_COMPILATION_MODE = wholemodule;
				SWIFT_OPTIMIZATION_LEVEL = "-O";
				VALIDATE_PRODUCT = YES;
			};
			name = Release;
		};
		5AB6A8382726B89C009B6A7A /* Debug */ = {
			isa = XCBuildConfiguration;
			buildSettings = {
				ASSETCATALOG_COMPILER_APPICON_NAME = AppIcon;
				ASSETCATALOG_COMPILER_GLOBAL_ACCENT_COLOR_NAME = AccentColor;
				CODE_SIGN_STYLE = Automatic;
				CURRENT_PROJECT_VERSION = 1;
				DEVELOPMENT_TEAM = 2APF6AH5C2;
				GENERATE_INFOPLIST_FILE = YES;
				INFOPLIST_FILE = "Simple Movie App/Info.plist";
				INFOPLIST_KEY_UIApplicationSupportsIndirectInputEvents = YES;
				INFOPLIST_KEY_UILaunchStoryboardName = LaunchScreen;
				INFOPLIST_KEY_UISupportedInterfaceOrientations = "UIInterfaceOrientationPortrait UIInterfaceOrientationPortraitUpsideDown";
				INFOPLIST_KEY_UISupportedInterfaceOrientations_iPad = "UIInterfaceOrientationPortrait UIInterfaceOrientationPortraitUpsideDown";
				INFOPLIST_KEY_UISupportedInterfaceOrientations_iPhone = "UIInterfaceOrientationPortrait UIInterfaceOrientationLandscapeLeft UIInterfaceOrientationLandscapeRight";
				LD_RUNPATH_SEARCH_PATHS = (
					"$(inherited)",
					"@executable_path/Frameworks",
				);
				MARKETING_VERSION = 1.0;
				PRODUCT_BUNDLE_IDENTIFIER = "com.pedroboga.Simple-Movie-App";
				PRODUCT_NAME = "$(TARGET_NAME)";
				SWIFT_EMIT_LOC_STRINGS = YES;
				SWIFT_VERSION = 5.0;
				TARGETED_DEVICE_FAMILY = "1,2";
			};
			name = Debug;
		};
		5AB6A8392726B89C009B6A7A /* Release */ = {
			isa = XCBuildConfiguration;
			buildSettings = {
				ASSETCATALOG_COMPILER_APPICON_NAME = AppIcon;
				ASSETCATALOG_COMPILER_GLOBAL_ACCENT_COLOR_NAME = AccentColor;
				CODE_SIGN_STYLE = Automatic;
				CURRENT_PROJECT_VERSION = 1;
				DEVELOPMENT_TEAM = 2APF6AH5C2;
				GENERATE_INFOPLIST_FILE = YES;
				INFOPLIST_FILE = "Simple Movie App/Info.plist";
				INFOPLIST_KEY_UIApplicationSupportsIndirectInputEvents = YES;
				INFOPLIST_KEY_UILaunchStoryboardName = LaunchScreen;
				INFOPLIST_KEY_UISupportedInterfaceOrientations = "UIInterfaceOrientationPortrait UIInterfaceOrientationPortraitUpsideDown";
				INFOPLIST_KEY_UISupportedInterfaceOrientations_iPad = "UIInterfaceOrientationPortrait UIInterfaceOrientationPortraitUpsideDown";
				INFOPLIST_KEY_UISupportedInterfaceOrientations_iPhone = "UIInterfaceOrientationPortrait UIInterfaceOrientationLandscapeLeft UIInterfaceOrientationLandscapeRight";
				LD_RUNPATH_SEARCH_PATHS = (
					"$(inherited)",
					"@executable_path/Frameworks",
				);
				MARKETING_VERSION = 1.0;
				PRODUCT_BUNDLE_IDENTIFIER = "com.pedroboga.Simple-Movie-App";
				PRODUCT_NAME = "$(TARGET_NAME)";
				SWIFT_EMIT_LOC_STRINGS = YES;
				SWIFT_VERSION = 5.0;
				TARGETED_DEVICE_FAMILY = "1,2";
			};
			name = Release;
		};
/* End XCBuildConfiguration section */

/* Begin XCConfigurationList section */
		5AB6A81E2726B899009B6A7A /* Build configuration list for PBXProject "Simple Movie App" */ = {
			isa = XCConfigurationList;
			buildConfigurations = (
				5AB6A8352726B89C009B6A7A /* Debug */,
				5AB6A8362726B89C009B6A7A /* Release */,
			);
			defaultConfigurationIsVisible = 0;
			defaultConfigurationName = Release;
		};
		5AB6A8372726B89C009B6A7A /* Build configuration list for PBXNativeTarget "Simple Movie App" */ = {
			isa = XCConfigurationList;
			buildConfigurations = (
				5AB6A8382726B89C009B6A7A /* Debug */,
				5AB6A8392726B89C009B6A7A /* Release */,
			);
			defaultConfigurationIsVisible = 0;
			defaultConfigurationName = Release;
		};
/* End XCConfigurationList section */
	};
	rootObject = 5AB6A81B2726B899009B6A7A /* Project object */;
}
